
Microsoft Visual Studio Solution File, Format Version 12.00
# Visual Studio Version 17
VisualStudioVersion = 17.5.002.0
MinimumVisualStudioVersion = 10.0.40219.1
Project("{9A19103F-16F7-4668-BE54-9A1E7A4F7556}") = "LKGS", "LKGS\LKGS.csproj", "{EAA53931-B676-40D2-9D59-70142D4D9405}"
EndProject
Global
	GlobalSection(SolutionConfigurationPlatforms) = preSolution
		Debug|Any CPU = Debug|Any CPU
		Release|Any CPU = Release|Any CPU
	EndGlobalSection
	GlobalSection(ProjectConfigurationPlatforms) = postSolution
		{EAA53931-B676-40D2-9D59-70142D4D9405}.Debug|Any CPU.ActiveCfg = Debug|Any CPU
		{EAA53931-B676-40D2-9D59-70142D4D9405}.Debug|Any CPU.Build.0 = Debug|Any CPU
		{EAA53931-B676-40D2-9D59-70142D4D9405}.Release|Any CPU.ActiveCfg = Release|Any CPU
		{EAA53931-B676-40D2-9D59-70142D4D9405}.Release|Any CPU.Build.0 = Release|Any CPU
	EndGlobalSection
	GlobalSection(SolutionProperties) = preSolution
		HideSolutionNode = FALSE
	EndGlobalSection
	GlobalSection(ExtensibilityGlobals) = postSolution
		SolutionGuid = {A64EADF7-1B41-40FB-A55E-1359CBF4E7BC}
	EndGlobalSection
EndGlobal
